
Microsoft Visual Studio Solution File, Format Version 12.00
# Visual Studio Version 16
VisualStudioVersion = 16.0.30717.126
MinimumVisualStudioVersion = 10.0.40219.1
Project("{FAE04EC0-301F-11D3-BF4B-00C04F79EFBC}") = "empregare", "empregare.csproj", "{EE53A570-361D-4DF4-AC1E-6A8B3D4E5151}"
EndProject
Global
	GlobalSection(SolutionConfigurationPlatforms) = preSolution
		Debug|Any CPU = Debug|Any CPU
		Release|Any CPU = Release|Any CPU
	EndGlobalSection
	GlobalSection(ProjectConfigurationPlatforms) = postSolution
		{EE53A570-361D-4DF4-AC1E-6A8B3D4E5151}.Debug|Any CPU.ActiveCfg = Debug|Any CPU
		{EE53A570-361D-4DF4-AC1E-6A8B3D4E5151}.Debug|Any CPU.Build.0 = Debug|Any CPU
		{EE53A570-361D-4DF4-AC1E-6A8B3D4E5151}.Release|Any CPU.ActiveCfg = Release|Any CPU
		{EE53A570-361D-4DF4-AC1E-6A8B3D4E5151}.Release|Any CPU.Build.0 = Release|Any CPU
	EndGlobalSection
	GlobalSection(SolutionProperties) = preSolution
		HideSolutionNode = FALSE
	EndGlobalSection
	GlobalSection(ExtensibilityGlobals) = postSolution
		SolutionGuid = {0EDA169B-E460-4F2B-9ECE-2FED0CF9C596}
	EndGlobalSection
EndGlobal
